
Microsoft Visual Studio Solution File, Format Version 12.00
# Visual Studio Version 17
VisualStudioVersion = 17.14.36408.4 d17.14
MinimumVisualStudioVersion = 10.0.40219.1
Project("{FAE04EC0-301F-11D3-BF4B-00C04F79EFBC}") = "RedBasket", "RedBasket.csproj", "{1752946C-56C4-4611-945C-2A7E0F590CE2}"
EndProject
Global
	GlobalSection(SolutionConfigurationPlatforms) = preSolution
		Debug|Any CPU = Debug|Any CPU
		Release|Any CPU = Release|Any CPU
	EndGlobalSection
	GlobalSection(ProjectConfigurationPlatforms) = postSolution
		{1752946C-56C4-4611-945C-2A7E0F590CE2}.Debug|Any CPU.ActiveCfg = Debug|Any CPU
		{1752946C-56C4-4611-945C-2A7E0F590CE2}.Debug|Any CPU.Build.0 = Debug|Any CPU
		{1752946C-56C4-4611-945C-2A7E0F590CE2}.Release|Any CPU.ActiveCfg = Release|Any CPU
		{1752946C-56C4-4611-945C-2A7E0F590CE2}.Release|Any CPU.Build.0 = Release|Any CPU
	EndGlobalSection
	GlobalSection(SolutionProperties) = preSolution
		HideSolutionNode = FALSE
	EndGlobalSection
	GlobalSection(ExtensibilityGlobals) = postSolution
		SolutionGuid = {2A2D25F9-E944-4BE2-BBCC-61934C5C1D32}
	EndGlobalSection
EndGlobal
